<Solution>
  <Project Path="MCPForUnity.Runtime.csproj" />
  <Project Path="MCPForUnityTests.EditMode.csproj" />
  <Project Path="TestAsmdef.csproj" />
  <Project Path="MCPForUnity.Editor.csproj" />
  <Project Path="Assembly-CSharp.csproj" />
  <Project Path="MCPForUnityTests.PlayMode.csproj" />
</Solution>
